
Microsoft Visual Studio Solution File, Format Version 12.00
# Visual Studio 15
VisualStudioVersion = 15.0.28307.1321
MinimumVisualStudioVersion = 10.0.40219.1
Project("{FAE04EC0-301F-11D3-BF4B-00C04F79EFBC}") = "NamedParameter", "NamedParameter.csproj", "{A2E8E423-A6FE-41AF-9822-418A1280C098}"
EndProject
Global
	GlobalSection(SolutionConfigurationPlatforms) = preSolution
		Debug|Any CPU = Debug|Any CPU
		Release|Any CPU = Release|Any CPU
	EndGlobalSection
	GlobalSection(ProjectConfigurationPlatforms) = postSolution
		{A2E8E423-A6FE-41AF-9822-418A1280C098}.Debug|Any CPU.ActiveCfg = Debug|Any CPU
		{A2E8E423-A6FE-41AF-9822-418A1280C098}.Debug|Any CPU.Build.0 = Debug|Any CPU
		{A2E8E423-A6FE-41AF-9822-418A1280C098}.Release|Any CPU.ActiveCfg = Release|Any CPU
		{A2E8E423-A6FE-41AF-9822-418A1280C098}.Release|Any CPU.Build.0 = Release|Any CPU
	EndGlobalSection
	GlobalSection(SolutionProperties) = preSolution
		HideSolutionNode = FALSE
	EndGlobalSection
	GlobalSection(ExtensibilityGlobals) = postSolution
		SolutionGuid = {8312A64D-772C-4842-A844-4CBF2DEC3158}
	EndGlobalSection
EndGlobal
