
Microsoft Visual Studio Solution File, Format Version 12.00
# Visual Studio 15
VisualStudioVersion = 15.0.28307.1321
MinimumVisualStudioVersion = 10.0.40219.1
Project("{FAE04EC0-301F-11D3-BF4B-00C04F79EFBC}") = "Tuple", "Tuple\Tuple.csproj", "{FD880D7B-EAFB-44D9-841C-136C67FCC29E}"
EndProject
Global
	GlobalSection(SolutionConfigurationPlatforms) = preSolution
		Debug|Any CPU = Debug|Any CPU
		Release|Any CPU = Release|Any CPU
	EndGlobalSection
	GlobalSection(ProjectConfigurationPlatforms) = postSolution
		{FD880D7B-EAFB-44D9-841C-136C67FCC29E}.Debug|Any CPU.ActiveCfg = Debug|Any CPU
		{FD880D7B-EAFB-44D9-841C-136C67FCC29E}.Debug|Any CPU.Build.0 = Debug|Any CPU
		{FD880D7B-EAFB-44D9-841C-136C67FCC29E}.Release|Any CPU.ActiveCfg = Release|Any CPU
		{FD880D7B-EAFB-44D9-841C-136C67FCC29E}.Release|Any CPU.Build.0 = Release|Any CPU
	EndGlobalSection
	GlobalSection(SolutionProperties) = preSolution
		HideSolutionNode = FALSE
	EndGlobalSection
	GlobalSection(ExtensibilityGlobals) = postSolution
		SolutionGuid = {5CA10089-D138-46D4-942F-E30B84630373}
	EndGlobalSection
EndGlobal
