
Microsoft Visual Studio Solution File, Format Version 12.00
# Visual Studio 15
VisualStudioVersion = 15.0.28307.1321
MinimumVisualStudioVersion = 10.0.40219.1
Project("{FAE04EC0-301F-11D3-BF4B-00C04F79EFBC}") = "AutoImplementedPreoperty", "AutoImplementedPreoperty\AutoImplementedPreoperty.csproj", "{B1EBED50-4068-4991-B9A4-30819025BF49}"
EndProject
Global
	GlobalSection(SolutionConfigurationPlatforms) = preSolution
		Debug|Any CPU = Debug|Any CPU
		Release|Any CPU = Release|Any CPU
	EndGlobalSection
	GlobalSection(ProjectConfigurationPlatforms) = postSolution
		{B1EBED50-4068-4991-B9A4-30819025BF49}.Debug|Any CPU.ActiveCfg = Debug|Any CPU
		{B1EBED50-4068-4991-B9A4-30819025BF49}.Debug|Any CPU.Build.0 = Debug|Any CPU
		{B1EBED50-4068-4991-B9A4-30819025BF49}.Release|Any CPU.ActiveCfg = Release|Any CPU
		{B1EBED50-4068-4991-B9A4-30819025BF49}.Release|Any CPU.Build.0 = Release|Any CPU
	EndGlobalSection
	GlobalSection(SolutionProperties) = preSolution
		HideSolutionNode = FALSE
	EndGlobalSection
	GlobalSection(ExtensibilityGlobals) = postSolution
		SolutionGuid = {256FC8A2-B9EB-468D-BC02-929AE37CDEC8}
	EndGlobalSection
EndGlobal
