
Microsoft Visual Studio Solution File, Format Version 12.00
# Visual Studio 15
VisualStudioVersion = 15.0.28307.1321
MinimumVisualStudioVersion = 10.0.40219.1
Project("{FAE04EC0-301F-11D3-BF4B-00C04F79EFBC}") = "TypeCasting", "TypeCasting\TypeCasting.csproj", "{73416AFB-9384-4FCC-917F-248387E4E516}"
EndProject
Global
	GlobalSection(SolutionConfigurationPlatforms) = preSolution
		Debug|Any CPU = Debug|Any CPU
		Release|Any CPU = Release|Any CPU
	EndGlobalSection
	GlobalSection(ProjectConfigurationPlatforms) = postSolution
		{73416AFB-9384-4FCC-917F-248387E4E516}.Debug|Any CPU.ActiveCfg = Debug|Any CPU
		{73416AFB-9384-4FCC-917F-248387E4E516}.Debug|Any CPU.Build.0 = Debug|Any CPU
		{73416AFB-9384-4FCC-917F-248387E4E516}.Release|Any CPU.ActiveCfg = Release|Any CPU
		{73416AFB-9384-4FCC-917F-248387E4E516}.Release|Any CPU.Build.0 = Release|Any CPU
	EndGlobalSection
	GlobalSection(SolutionProperties) = preSolution
		HideSolutionNode = FALSE
	EndGlobalSection
	GlobalSection(ExtensibilityGlobals) = postSolution
		SolutionGuid = {0CE7653D-C7C2-4ADD-86EA-8257A25F9F3C}
	EndGlobalSection
EndGlobal
